// !$*UTF8*$!
{
	archiveVersion = 1;
	classes = {
	};
	objectVersion = 70;
	objects = {

/* Begin PBXBuildFile section */
		4531D3EE2DA01AA300F3BD28 /* AsyncAlgorithms in Frameworks */ = {isa = PBXBuildFile; productRef = 4531D3ED2DA01AA300F3BD28 /* AsyncAlgorithms */; };
		454CF1D22BAB711F00A6AA80 /* HTTPTypes in Frameworks */ = {isa = PBXBuildFile; productRef = 454CF1D12BAB711F00A6AA80 /* HTTPTypes */; };
		454CF1D42BAB711F00A6AA80 /* HTTPTypesFoundation in Frameworks */ = {isa = PBXBuildFile; productRef = 454CF1D32BAB711F00A6AA80 /* HTTPTypesFoundation */; };
		457690DB2D96F26B00493941 /* Macplugins in Frameworks */ = {isa = PBXBuildFile; productRef = 457690DA2D96F26B00493941 /* Macplugins */; };
		45C427972E3EF60700A42AAF /* MacpluginsMacros in Frameworks */ = {isa = PBXBuildFile; productRef = 45C427962E3EF60700A42AAF /* MacpluginsMacros */; };
/* End PBXBuildFile section */

/* Begin PBXContainerItemProxy section */
		45DFA8792AFFEC6B003A1F54 /* PBXContainerItemProxy */ = {
			isa = PBXContainerItemProxy;
			containerPortal = 45DFA8602AFFEC6A003A1F54 /* Project object */;
			proxyType = 1;
			remoteGlobalIDString = 45DFA8672AFFEC6A003A1F54;
			remoteInfo = NewSwiftUILearning;
		};
		45DFA8832AFFEC6B003A1F54 /* PBXContainerItemProxy */ = {
			isa = PBXContainerItemProxy;
			containerPortal = 45DFA8602AFFEC6A003A1F54 /* Project object */;
			proxyType = 1;
			remoteGlobalIDString = 45DFA8672AFFEC6A003A1F54;
			remoteInfo = NewSwiftUILearning;
		};
/* End PBXContainerItemProxy section */

/* Begin PBXFileReference section */
		30B69BCD2B9F482900DDA31C /* README.md */ = {isa = PBXFileReference; lastKnownFileType = net.daringfireball.markdown; path = README.md; sourceTree = "<group>"; xcLanguageSpecificationIdentifier = xcode.lang.documentation.markup; };
		30B69BCF2B9F759100DDA31C /* Documentation.docc */ = {isa = PBXFileReference; lastKnownFileType = folder.documentationcatalog; path = Documentation.docc; sourceTree = "<group>"; };
		45DFA8682AFFEC6A003A1F54 /* NewSwiftUILearning.app */ = {isa = PBXFileReference; explicitFileType = wrapper.application; includeInIndex = 0; path = NewSwiftUILearning.app; sourceTree = BUILT_PRODUCTS_DIR; };
		45DFA8782AFFEC6B003A1F54 /* NewSwiftUILearningTests.xctest */ = {isa = PBXFileReference; explicitFileType = wrapper.cfbundle; includeInIndex = 0; path = NewSwiftUILearningTests.xctest; sourceTree = BUILT_PRODUCTS_DIR; };
		45DFA8822AFFEC6B003A1F54 /* NewSwiftUILearningUITests.xctest */ = {isa = PBXFileReference; explicitFileType = wrapper.cfbundle; includeInIndex = 0; path = NewSwiftUILearningUITests.xctest; sourceTree = BUILT_PRODUCTS_DIR; };
/* End PBXFileReference section */

/* Begin PBXFileSystemSynchronizedBuildFileExceptionSet section */
		45ED06F32DA6BB7A005E1113 /* PBXFileSystemSynchronizedBuildFileExceptionSet */ = {
			isa = PBXFileSystemSynchronizedBuildFileExceptionSet;
			membershipExceptions = (
				Info.plist,
			);
			target = 45DFA8672AFFEC6A003A1F54 /* NewSwiftUILearning */;
		};
/* End PBXFileSystemSynchronizedBuildFileExceptionSet section */

/* Begin PBXFileSystemSynchronizedRootGroup section */
		45B354B62CF7A10A00F7C2BD /* NewSwiftUILearningTests */ = {isa = PBXFileSystemSynchronizedRootGroup; explicitFileTypes = {}; explicitFolders = (); path = NewSwiftUILearningTests; sourceTree = "<group>"; };
		45B354BB2CF7A11200F7C2BD /* NewSwiftUILearningUITests */ = {isa = PBXFileSystemSynchronizedRootGroup; explicitFileTypes = {}; explicitFolders = (); path = NewSwiftUILearningUITests; sourceTree = "<group>"; };
		45B355282CF7A11700F7C2BD /* NewSwiftUILearning */ = {isa = PBXFileSystemSynchronizedRootGroup; exceptions = (45ED06F32DA6BB7A005E1113 /* PBXFileSystemSynchronizedBuildFileExceptionSet */, ); explicitFileTypes = {}; explicitFolders = (); path = NewSwiftUILearning; sourceTree = "<group>"; };
/* End PBXFileSystemSynchronizedRootGroup section */

/* Begin PBXFrameworksBuildPhase section */
		45DFA8652AFFEC6A003A1F54 /* Frameworks */ = {
			isa = PBXFrameworksBuildPhase;
			buildActionMask = 2147483647;
			files = (
				454CF1D22BAB711F00A6AA80 /* HTTPTypes in Frameworks */,
				454CF1D42BAB711F00A6AA80 /* HTTPTypesFoundation in Frameworks */,
				457690DB2D96F26B00493941 /* Macplugins in Frameworks */,
				4531D3EE2DA01AA300F3BD28 /* AsyncAlgorithms in Frameworks */,
				45C427972E3EF60700A42AAF /* MacpluginsMacros in Frameworks */,
			);
			runOnlyForDeploymentPostprocessing = 0;
		};
		45DFA8752AFFEC6B003A1F54 /* Frameworks */ = {
			isa = PBXFrameworksBuildPhase;
			buildActionMask = 2147483647;
			files = (
			);
			runOnlyForDeploymentPostprocessing = 0;
		};
		45DFA87F2AFFEC6B003A1F54 /* Frameworks */ = {
			isa = PBXFrameworksBuildPhase;
			buildActionMask = 2147483647;
			files = (
			);
			runOnlyForDeploymentPostprocessing = 0;
		};
/* End PBXFrameworksBuildPhase section */

/* Begin PBXGroup section */
		457690D92D96F26B00493941 /* Frameworks */ = {
			isa = PBXGroup;
			children = (
			);
			name = Frameworks;
			sourceTree = "<group>";
		};
		45DFA85F2AFFEC6A003A1F54 = {
			isa = PBXGroup;
			children = (
				30B69BCF2B9F759100DDA31C /* Documentation.docc */,
				30B69BCD2B9F482900DDA31C /* README.md */,
				45B355282CF7A11700F7C2BD /* NewSwiftUILearning */,
				45B354B62CF7A10A00F7C2BD /* NewSwiftUILearningTests */,
				45B354BB2CF7A11200F7C2BD /* NewSwiftUILearningUITests */,
				457690D92D96F26B00493941 /* Frameworks */,
				45DFA8692AFFEC6A003A1F54 /* Products */,
			);
			sourceTree = "<group>";
		};
		45DFA8692AFFEC6A003A1F54 /* Products */ = {
			isa = PBXGroup;
			children = (
				45DFA8682AFFEC6A003A1F54 /* NewSwiftUILearning.app */,
				45DFA8782AFFEC6B003A1F54 /* NewSwiftUILearningTests.xctest */,
				45DFA8822AFFEC6B003A1F54 /* NewSwiftUILearningUITests.xctest */,
			);
			name = Products;
			sourceTree = "<group>";
		};
/* End PBXGroup section */

/* Begin PBXNativeTarget section */
		45DFA8672AFFEC6A003A1F54 /* NewSwiftUILearning */ = {
			isa = PBXNativeTarget;
			buildConfigurationList = 45DFA88C2AFFEC6B003A1F54 /* Build configuration list for PBXNativeTarget "NewSwiftUILearning" */;
			buildPhases = (
				45E2268D2EBBD06D001C8725 /* Lint */,
				45DFA8642AFFEC6A003A1F54 /* Sources */,
				45DFA8652AFFEC6A003A1F54 /* Frameworks */,
				45DFA8662AFFEC6A003A1F54 /* Resources */,
			);
			buildRules = (
			);
			dependencies = (
			);
			fileSystemSynchronizedGroups = (
				45B355282CF7A11700F7C2BD /* NewSwiftUILearning */,
			);
			name = NewSwiftUILearning;
			packageProductDependencies = (
				454CF1D12BAB711F00A6AA80 /* HTTPTypes */,
				454CF1D32BAB711F00A6AA80 /* HTTPTypesFoundation */,
				457690DA2D96F26B00493941 /* Macplugins */,
				4531D3ED2DA01AA300F3BD28 /* AsyncAlgorithms */,
				45C427962E3EF60700A42AAF /* MacpluginsMacros */,
			);
			productName = NewSwiftUILearning;
			productReference = 45DFA8682AFFEC6A003A1F54 /* NewSwiftUILearning.app */;
			productType = "com.apple.product-type.application";
		};
		45DFA8772AFFEC6B003A1F54 /* NewSwiftUILearningTests */ = {
			isa = PBXNativeTarget;
			buildConfigurationList = 45DFA88F2AFFEC6B003A1F54 /* Build configuration list for PBXNativeTarget "NewSwiftUILearningTests" */;
			buildPhases = (
				45DFA8742AFFEC6B003A1F54 /* Sources */,
				45DFA8752AFFEC6B003A1F54 /* Frameworks */,
				45DFA8762AFFEC6B003A1F54 /* Resources */,
			);
			buildRules = (
			);
			dependencies = (
				45DFA87A2AFFEC6B003A1F54 /* PBXTargetDependency */,
			);
			fileSystemSynchronizedGroups = (
				45B354B62CF7A10A00F7C2BD /* NewSwiftUILearningTests */,
			);
			name = NewSwiftUILearningTests;
			productName = NewSwiftUILearningTests;
			productReference = 45DFA8782AFFEC6B003A1F54 /* NewSwiftUILearningTests.xctest */;
			productType = "com.apple.product-type.bundle.unit-test";
		};
		45DFA8812AFFEC6B003A1F54 /* NewSwiftUILearningUITests */ = {
			isa = PBXNativeTarget;
			buildConfigurationList = 45DFA8922AFFEC6B003A1F54 /* Build configuration list for PBXNativeTarget "NewSwiftUILearningUITests" */;
			buildPhases = (
				45DFA87E2AFFEC6B003A1F54 /* Sources */,
				45DFA87F2AFFEC6B003A1F54 /* Frameworks */,
				45DFA8802AFFEC6B003A1F54 /* Resources */,
			);
			buildRules = (
			);
			dependencies = (
				45DFA8842AFFEC6B003A1F54 /* PBXTargetDependency */,
			);
			fileSystemSynchronizedGroups = (
				45B354BB2CF7A11200F7C2BD /* NewSwiftUILearningUITests */,
			);
			name = NewSwiftUILearningUITests;
			productName = NewSwiftUILearningUITests;
			productReference = 45DFA8822AFFEC6B003A1F54 /* NewSwiftUILearningUITests.xctest */;
			productType = "com.apple.product-type.bundle.ui-testing";
		};
/* End PBXNativeTarget section */

/* Begin PBXProject section */
		45DFA8602AFFEC6A003A1F54 /* Project object */ = {
			isa = PBXProject;
			attributes = {
				BuildIndependentTargetsInParallel = 1;
				LastSwiftUpdateCheck = 1500;
				LastUpgradeCheck = 2600;
				TargetAttributes = {
					45DFA8672AFFEC6A003A1F54 = {
						CreatedOnToolsVersion = 15.0.1;
					};
					45DFA8772AFFEC6B003A1F54 = {
						CreatedOnToolsVersion = 15.0.1;
						TestTargetID = 45DFA8672AFFEC6A003A1F54;
					};
					45DFA8812AFFEC6B003A1F54 = {
						CreatedOnToolsVersion = 15.0.1;
						TestTargetID = 45DFA8672AFFEC6A003A1F54;
					};
				};
			};
			buildConfigurationList = 45DFA8632AFFEC6A003A1F54 /* Build configuration list for PBXProject "NewSwiftUILearning" */;
			compatibilityVersion = "Xcode 14.0";
			developmentRegion = en;
			hasScannedForEncodings = 0;
			knownRegions = (
				en,
				Base,
			);
			mainGroup = 45DFA85F2AFFEC6A003A1F54;
			packageReferences = (
				454CF1CE2BAB6F8900A6AA80 /* XCRemoteSwiftPackageReference "swift-http-types" */,
				45B4AD252C1A13B600552EFF /* XCRemoteSwiftPackageReference "macplugins" */,
				4531D3EC2DA01AA300F3BD28 /* XCRemoteSwiftPackageReference "swift-async-algorithms" */,
				45C427952E3EF60700A42AAF /* XCRemoteSwiftPackageReference "SwiftMacros" */,
			);
			productRefGroup = 45DFA8692AFFEC6A003A1F54 /* Products */;
			projectDirPath = "";
			projectRoot = "";
			targets = (
				45DFA8672AFFEC6A003A1F54 /* NewSwiftUILearning */,
				45DFA8772AFFEC6B003A1F54 /* NewSwiftUILearningTests */,
				45DFA8812AFFEC6B003A1F54 /* NewSwiftUILearningUITests */,
			);
		};
/* End PBXProject section */

/* Begin PBXResourcesBuildPhase section */
		45DFA8662AFFEC6A003A1F54 /* Resources */ = {
			isa = PBXResourcesBuildPhase;
			buildActionMask = 2147483647;
			files = (
			);
			runOnlyForDeploymentPostprocessing = 0;
		};
		45DFA8762AFFEC6B003A1F54 /* Resources */ = {
			isa = PBXResourcesBuildPhase;
			buildActionMask = 2147483647;
			files = (
			);
			runOnlyForDeploymentPostprocessing = 0;
		};
		45DFA8802AFFEC6B003A1F54 /* Resources */ = {
			isa = PBXResourcesBuildPhase;
			buildActionMask = 2147483647;
			files = (
			);
			runOnlyForDeploymentPostprocessing = 0;
		};
/* End PBXResourcesBuildPhase section */

/* Begin PBXShellScriptBuildPhase section */
		45E2268D2EBBD06D001C8725 /* Lint */ = {
			isa = PBXShellScriptBuildPhase;
			alwaysOutOfDate = 1;
			buildActionMask = 2147483647;
			files = (
			);
			inputFileListPaths = (
			);
			inputPaths = (
			);
			name = Lint;
			outputFileListPaths = (
			);
			outputPaths = (
			);
			runOnlyForDeploymentPostprocessing = 0;
			shellPath = /bin/sh;
			shellScript = "#bswift-format lint --ignore-unparsable-files --strict --parallel --recursive \"${SRCROOT}\"\nswift-format lint --ignore-unparsable-files --parallel --recursive \"${SRCROOT}\"\n\nexit 0\n";
		};
/* End PBXShellScriptBuildPhase section */

/* Begin PBXSourcesBuildPhase section */
		45DFA8642AFFEC6A003A1F54 /* Sources */ = {
			isa = PBXSourcesBuildPhase;
			buildActionMask = 2147483647;
			files = (
			);
			runOnlyForDeploymentPostprocessing = 0;
		};
		45DFA8742AFFEC6B003A1F54 /* Sources */ = {
			isa = PBXSourcesBuildPhase;
			buildActionMask = 2147483647;
			files = (
			);
			runOnlyForDeploymentPostprocessing = 0;
		};
		45DFA87E2AFFEC6B003A1F54 /* Sources */ = {
			isa = PBXSourcesBuildPhase;
			buildActionMask = 2147483647;
			files = (
			);
			runOnlyForDeploymentPostprocessing = 0;
		};
/* End PBXSourcesBuildPhase section */

/* Begin PBXTargetDependency section */
		45DFA87A2AFFEC6B003A1F54 /* PBXTargetDependency */ = {
			isa = PBXTargetDependency;
			target = 45DFA8672AFFEC6A003A1F54 /* NewSwiftUILearning */;
			targetProxy = 45DFA8792AFFEC6B003A1F54 /* PBXContainerItemProxy */;
		};
		45DFA8842AFFEC6B003A1F54 /* PBXTargetDependency */ = {
			isa = PBXTargetDependency;
			target = 45DFA8672AFFEC6A003A1F54 /* NewSwiftUILearning */;
			targetProxy = 45DFA8832AFFEC6B003A1F54 /* PBXContainerItemProxy */;
		};
/* End PBXTargetDependency section */

/* Begin XCBuildConfiguration section */
		45DFA88A2AFFEC6B003A1F54 /* Debug */ = {
			isa = XCBuildConfiguration;
			buildSettings = {
				ALWAYS_SEARCH_USER_PATHS = NO;
				ASSETCATALOG_COMPILER_GENERATE_SWIFT_ASSET_SYMBOL_EXTENSIONS = YES;
				CLANG_ANALYZER_NONNULL = YES;
				CLANG_ANALYZER_NUMBER_OBJECT_CONVERSION = YES_AGGRESSIVE;
				CLANG_CXX_LANGUAGE_STANDARD = "gnu++20";
				CLANG_ENABLE_MODULES = YES;
				CLANG_ENABLE_OBJC_ARC = YES;
				CLANG_ENABLE_OBJC_WEAK = YES;
				CLANG_WARN_BLOCK_CAPTURE_AUTORELEASING = YES;
				CLANG_WARN_BOOL_CONVERSION = YES;
				CLANG_WARN_COMMA = YES;
				CLANG_WARN_CONSTANT_CONVERSION = YES;
				CLANG_WARN_DEPRECATED_OBJC_IMPLEMENTATIONS = YES;
				CLANG_WARN_DIRECT_OBJC_ISA_USAGE = YES_ERROR;
				CLANG_WARN_DOCUMENTATION_COMMENTS = YES;
				CLANG_WARN_EMPTY_BODY = YES;
				CLANG_WARN_ENUM_CONVERSION = YES;
				CLANG_WARN_INFINITE_RECURSION = YES;
				CLANG_WARN_INT_CONVERSION = YES;
				CLANG_WARN_NON_LITERAL_NULL_CONVERSION = YES;
				CLANG_WARN_OBJC_IMPLICIT_RETAIN_SELF = YES;
				CLANG_WARN_OBJC_LITERAL_CONVERSION = YES;
				CLANG_WARN_OBJC_ROOT_CLASS = YES_ERROR;
				CLANG_WARN_QUOTED_INCLUDE_IN_FRAMEWORK_HEADER = YES;
				CLANG_WARN_RANGE_LOOP_ANALYSIS = YES;
				CLANG_WARN_STRICT_PROTOTYPES = YES;
				CLANG_WARN_SUSPICIOUS_MOVE = YES;
				CLANG_WARN_UNGUARDED_AVAILABILITY = YES_AGGRESSIVE;
				CLANG_WARN_UNREACHABLE_CODE = YES;
				CLANG_WARN__DUPLICATE_METHOD_MATCH = YES;
				COPY_PHASE_STRIP = NO;
				DEBUG_INFORMATION_FORMAT = dwarf;
				DEVELOPMENT_TEAM = WFNDASXC9R;
				ENABLE_STRICT_OBJC_MSGSEND = YES;
				ENABLE_TESTABILITY = YES;
				ENABLE_USER_SCRIPT_SANDBOXING = YES;
				GCC_C_LANGUAGE_STANDARD = gnu17;
				GCC_DYNAMIC_NO_PIC = NO;
				GCC_NO_COMMON_BLOCKS = YES;
				GCC_OPTIMIZATION_LEVEL = 0;
				GCC_PREPROCESSOR_DEFINITIONS = (
					"DEBUG=1",
					"$(inherited)",
				);
				GCC_WARN_64_TO_32_BIT_CONVERSION = YES;
				GCC_WARN_ABOUT_RETURN_TYPE = YES_ERROR;
				GCC_WARN_UNDECLARED_SELECTOR = YES;
				GCC_WARN_UNINITIALIZED_AUTOS = YES_AGGRESSIVE;
				GCC_WARN_UNUSED_FUNCTION = YES;
				GCC_WARN_UNUSED_VARIABLE = YES;
				IPHONEOS_DEPLOYMENT_TARGET = 17.0;
				LOCALIZATION_PREFERS_STRING_CATALOGS = YES;
				MTL_ENABLE_DEBUG_INFO = INCLUDE_SOURCE;
				MTL_FAST_MATH = YES;
				ONLY_ACTIVE_ARCH = YES;
				SDKROOT = iphoneos;
				STRING_CATALOG_GENERATE_SYMBOLS = YES;
				SWIFT_ACTIVE_COMPILATION_CONDITIONS = "DEBUG $(inherited)";
				SWIFT_OPTIMIZATION_LEVEL = "-Onone";
				SWIFT_STRICT_CONCURRENCY = complete;
				SWIFT_UPCOMING_FEATURE_CONCISE_MAGIC_FILE = YES;
				SWIFT_UPCOMING_FEATURE_DEPRECATE_APPLICATION_MAIN = YES;
				SWIFT_UPCOMING_FEATURE_DISABLE_OUTWARD_ACTOR_ISOLATION = YES;
				SWIFT_UPCOMING_FEATURE_EXISTENTIAL_ANY = YES;
				SWIFT_UPCOMING_FEATURE_FORWARD_TRAILING_CLOSURES = YES;
				SWIFT_UPCOMING_FEATURE_GLOBAL_CONCURRENCY = YES;
				SWIFT_UPCOMING_FEATURE_IMPLICIT_OPEN_EXISTENTIALS = YES;
				SWIFT_UPCOMING_FEATURE_IMPORT_OBJC_FORWARD_DECLS = YES;
				SWIFT_UPCOMING_FEATURE_INFER_SENDABLE_FROM_CAPTURES = YES;
				SWIFT_UPCOMING_FEATURE_INTERNAL_IMPORTS_BY_DEFAULT = YES;
				SWIFT_UPCOMING_FEATURE_ISOLATED_DEFAULT_VALUES = YES;
				SWIFT_UPCOMING_FEATURE_REGION_BASED_ISOLATION = YES;
			};
			name = Debug;
		};
		45DFA88B2AFFEC6B003A1F54 /* Release */ = {
			isa = XCBuildConfiguration;
			buildSettings = {
				ALWAYS_SEARCH_USER_PATHS = NO;
				ASSETCATALOG_COMPILER_GENERATE_SWIFT_ASSET_SYMBOL_EXTENSIONS = YES;
				CLANG_ANALYZER_NONNULL = YES;
				CLANG_ANALYZER_NUMBER_OBJECT_CONVERSION = YES_AGGRESSIVE;
				CLANG_CXX_LANGUAGE_STANDARD = "gnu++20";
				CLANG_ENABLE_MODULES = YES;
				CLANG_ENABLE_OBJC_ARC = YES;
				CLANG_ENABLE_OBJC_WEAK = YES;
				CLANG_WARN_BLOCK_CAPTURE_AUTORELEASING = YES;
				CLANG_WARN_BOOL_CONVERSION = YES;
				CLANG_WARN_COMMA = YES;
				CLANG_WARN_CONSTANT_CONVERSION = YES;
				CLANG_WARN_DEPRECATED_OBJC_IMPLEMENTATIONS = YES;
				CLANG_WARN_DIRECT_OBJC_ISA_USAGE = YES_ERROR;
				CLANG_WARN_DOCUMENTATION_COMMENTS = YES;
				CLANG_WARN_EMPTY_BODY = YES;
				CLANG_WARN_ENUM_CONVERSION = YES;
				CLANG_WARN_INFINITE_RECURSION = YES;
				CLANG_WARN_INT_CONVERSION = YES;
				CLANG_WARN_NON_LITERAL_NULL_CONVERSION = YES;
				CLANG_WARN_OBJC_IMPLICIT_RETAIN_SELF = YES;
				CLANG_WARN_OBJC_LITERAL_CONVERSION = YES;
				CLANG_WARN_OBJC_ROOT_CLASS = YES_ERROR;
				CLANG_WARN_QUOTED_INCLUDE_IN_FRAMEWORK_HEADER = YES;
				CLANG_WARN_RANGE_LOOP_ANALYSIS = YES;
				CLANG_WARN_STRICT_PROTOTYPES = YES;
				CLANG_WARN_SUSPICIOUS_MOVE = YES;
				CLANG_WARN_UNGUARDED_AVAILABILITY = YES_AGGRESSIVE;
				CLANG_WARN_UNREACHABLE_CODE = YES;
				CLANG_WARN__DUPLICATE_METHOD_MATCH = YES;
				COPY_PHASE_STRIP = NO;
				DEBUG_INFORMATION_FORMAT = "dwarf-with-dsym";
				DEVELOPMENT_TEAM = WFNDASXC9R;
				ENABLE_NS_ASSERTIONS = NO;
				ENABLE_STRICT_OBJC_MSGSEND = YES;
				ENABLE_USER_SCRIPT_SANDBOXING = YES;
				GCC_C_LANGUAGE_STANDARD = gnu17;
				GCC_NO_COMMON_BLOCKS = YES;
				GCC_WARN_64_TO_32_BIT_CONVERSION = YES;
				GCC_WARN_ABOUT_RETURN_TYPE = YES_ERROR;
				GCC_WARN_UNDECLARED_SELECTOR = YES;
				GCC_WARN_UNINITIALIZED_AUTOS = YES_AGGRESSIVE;
				GCC_WARN_UNUSED_FUNCTION = YES;
				GCC_WARN_UNUSED_VARIABLE = YES;
				IPHONEOS_DEPLOYMENT_TARGET = 17.0;
				LOCALIZATION_PREFERS_STRING_CATALOGS = YES;
				MTL_ENABLE_DEBUG_INFO = NO;
				MTL_FAST_MATH = YES;
				SDKROOT = iphoneos;
				STRING_CATALOG_GENERATE_SYMBOLS = YES;
				SWIFT_COMPILATION_MODE = wholemodule;
				SWIFT_STRICT_CONCURRENCY = complete;
				SWIFT_UPCOMING_FEATURE_CONCISE_MAGIC_FILE = YES;
				SWIFT_UPCOMING_FEATURE_DEPRECATE_APPLICATION_MAIN = YES;
				SWIFT_UPCOMING_FEATURE_DISABLE_OUTWARD_ACTOR_ISOLATION = YES;
				SWIFT_UPCOMING_FEATURE_EXISTENTIAL_ANY = YES;
				SWIFT_UPCOMING_FEATURE_FORWARD_TRAILING_CLOSURES = YES;
				SWIFT_UPCOMING_FEATURE_GLOBAL_CONCURRENCY = YES;
				SWIFT_UPCOMING_FEATURE_IMPLICIT_OPEN_EXISTENTIALS = YES;
				SWIFT_UPCOMING_FEATURE_IMPORT_OBJC_FORWARD_DECLS = YES;
				SWIFT_UPCOMING_FEATURE_INFER_SENDABLE_FROM_CAPTURES = YES;
				SWIFT_UPCOMING_FEATURE_INTERNAL_IMPORTS_BY_DEFAULT = YES;
				SWIFT_UPCOMING_FEATURE_ISOLATED_DEFAULT_VALUES = YES;
				SWIFT_UPCOMING_FEATURE_REGION_BASED_ISOLATION = YES;
				VALIDATE_PRODUCT = YES;
			};
			name = Release;
		};
		45DFA88D2AFFEC6B003A1F54 /* Debug */ = {
			isa = XCBuildConfiguration;
			buildSettings = {
				ASSETCATALOG_COMPILER_APPICON_NAME = "Code Monkey Icon";
				ASSETCATALOG_COMPILER_GLOBAL_ACCENT_COLOR_NAME = AccentColor;
				CODE_SIGN_STYLE = Automatic;
				CURRENT_PROJECT_VERSION = 1;
				DEVELOPMENT_ASSET_PATHS = "\"NewSwiftUILearning/Preview Content\"";
				ENABLE_PREVIEWS = YES;
				ENABLE_USER_SCRIPT_SANDBOXING = NO;
				GENERATE_INFOPLIST_FILE = YES;
				INFOPLIST_FILE = NewSwiftUILearning/Info.plist;
				INFOPLIST_KEY_CFBundleDisplayName = SwiftUI;
				INFOPLIST_KEY_NSLocationAlwaysAndWhenInUseUsageDescription = "To support example views";
				INFOPLIST_KEY_NSLocationAlwaysUsageDescription = "To support example views";
				INFOPLIST_KEY_NSLocationUsageDescription = "To support example views";
				INFOPLIST_KEY_NSLocationWhenInUseUsageDescription = "To support example views";
				INFOPLIST_KEY_UIApplicationSceneManifest_Generation = YES;
				INFOPLIST_KEY_UIApplicationSupportsIndirectInputEvents = YES;
				INFOPLIST_KEY_UILaunchScreen_Generation = YES;
				INFOPLIST_KEY_UISupportedInterfaceOrientations_iPad = "UIInterfaceOrientationPortrait UIInterfaceOrientationPortraitUpsideDown UIInterfaceOrientationLandscapeLeft UIInterfaceOrientationLandscapeRight";
				INFOPLIST_KEY_UISupportedInterfaceOrientations_iPhone = "UIInterfaceOrientationPortrait UIInterfaceOrientationLandscapeLeft UIInterfaceOrientationLandscapeRight";
				IPHONEOS_DEPLOYMENT_TARGET = 18.6;
				LD_RUNPATH_SEARCH_PATHS = (
					"$(inherited)",
					"@executable_path/Frameworks",
				);
				MARKETING_VERSION = 1.0;
				PRODUCT_BUNDLE_IDENTIFIER = com.macplugins.NewSwiftUILearning;
				PRODUCT_NAME = "$(TARGET_NAME)";
				SWIFT_APPROACHABLE_CONCURRENCY = YES;
				SWIFT_EMIT_LOC_STRINGS = YES;
				SWIFT_VERSION = 6.0;
				TARGETED_DEVICE_FAMILY = "1,2";
				_EXPERIMENTAL_SWIFT_EXPLICIT_MODULES = YES;
			};
			name = Debug;
		};
		45DFA88E2AFFEC6B003A1F54 /* Release */ = {
			isa = XCBuildConfiguration;
			buildSettings = {
				ASSETCATALOG_COMPILER_APPICON_NAME = "Code Monkey Icon";
				ASSETCATALOG_COMPILER_GLOBAL_ACCENT_COLOR_NAME = AccentColor;
				CODE_SIGN_STYLE = Automatic;
				CURRENT_PROJECT_VERSION = 1;
				DEVELOPMENT_ASSET_PATHS = "\"NewSwiftUILearning/Preview Content\"";
				ENABLE_PREVIEWS = YES;
				ENABLE_USER_SCRIPT_SANDBOXING = NO;
				GENERATE_INFOPLIST_FILE = YES;
				INFOPLIST_FILE = NewSwiftUILearning/Info.plist;
				INFOPLIST_KEY_CFBundleDisplayName = SwiftUI;
				INFOPLIST_KEY_NSLocationAlwaysAndWhenInUseUsageDescription = "To support example views";
				INFOPLIST_KEY_NSLocationAlwaysUsageDescription = "To support example views";
				INFOPLIST_KEY_NSLocationUsageDescription = "To support example views";
				INFOPLIST_KEY_NSLocationWhenInUseUsageDescription = "To support example views";
				INFOPLIST_KEY_UIApplicationSceneManifest_Generation = YES;
				INFOPLIST_KEY_UIApplicationSupportsIndirectInputEvents = YES;
				INFOPLIST_KEY_UILaunchScreen_Generation = YES;
				INFOPLIST_KEY_UISupportedInterfaceOrientations_iPad = "UIInterfaceOrientationPortrait UIInterfaceOrientationPortraitUpsideDown UIInterfaceOrientationLandscapeLeft UIInterfaceOrientationLandscapeRight";
				INFOPLIST_KEY_UISupportedInterfaceOrientations_iPhone = "UIInterfaceOrientationPortrait UIInterfaceOrientationLandscapeLeft UIInterfaceOrientationLandscapeRight";
				IPHONEOS_DEPLOYMENT_TARGET = 18.6;
				LD_RUNPATH_SEARCH_PATHS = (
					"$(inherited)",
					"@executable_path/Frameworks",
				);
				MARKETING_VERSION = 1.0;
				PRODUCT_BUNDLE_IDENTIFIER = com.macplugins.NewSwiftUILearning;
				PRODUCT_NAME = "$(TARGET_NAME)";
				SWIFT_APPROACHABLE_CONCURRENCY = YES;
				SWIFT_EMIT_LOC_STRINGS = YES;
				SWIFT_VERSION = 6.0;
				TARGETED_DEVICE_FAMILY = "1,2";
				_EXPERIMENTAL_SWIFT_EXPLICIT_MODULES = YES;
			};
			name = Release;
		};
		45DFA8902AFFEC6B003A1F54 /* Debug */ = {
			isa = XCBuildConfiguration;
			buildSettings = {
				BUNDLE_LOADER = "$(TEST_HOST)";
				CODE_SIGN_STYLE = Automatic;
				CURRENT_PROJECT_VERSION = 1;
				GENERATE_INFOPLIST_FILE = YES;
				IPHONEOS_DEPLOYMENT_TARGET = 18.6;
				MARKETING_VERSION = 1.0;
				PRODUCT_BUNDLE_IDENTIFIER = com.macplugins.NewSwiftUILearningTests;
				PRODUCT_NAME = "$(TARGET_NAME)";
				SWIFT_EMIT_LOC_STRINGS = NO;
				SWIFT_VERSION = 6.0;
				TARGETED_DEVICE_FAMILY = "1,2";
				TEST_HOST = "$(BUILT_PRODUCTS_DIR)/NewSwiftUILearning.app/$(BUNDLE_EXECUTABLE_FOLDER_PATH)/NewSwiftUILearning";
				_EXPERIMENTAL_SWIFT_EXPLICIT_MODULES = YES;
			};
			name = Debug;
		};
		45DFA8912AFFEC6B003A1F54 /* Release */ = {
			isa = XCBuildConfiguration;
			buildSettings = {
				BUNDLE_LOADER = "$(TEST_HOST)";
				CODE_SIGN_STYLE = Automatic;
				CURRENT_PROJECT_VERSION = 1;
				GENERATE_INFOPLIST_FILE = YES;
				IPHONEOS_DEPLOYMENT_TARGET = 18.6;
				MARKETING_VERSION = 1.0;
				PRODUCT_BUNDLE_IDENTIFIER = com.macplugins.NewSwiftUILearningTests;
				PRODUCT_NAME = "$(TARGET_NAME)";
				SWIFT_EMIT_LOC_STRINGS = NO;
				SWIFT_VERSION = 6.0;
				TARGETED_DEVICE_FAMILY = "1,2";
				TEST_HOST = "$(BUILT_PRODUCTS_DIR)/NewSwiftUILearning.app/$(BUNDLE_EXECUTABLE_FOLDER_PATH)/NewSwiftUILearning";
				_EXPERIMENTAL_SWIFT_EXPLICIT_MODULES = YES;
			};
			name = Release;
		};
		45DFA8932AFFEC6B003A1F54 /* Debug */ = {
			isa = XCBuildConfiguration;
			buildSettings = {
				CODE_SIGN_STYLE = Automatic;
				CURRENT_PROJECT_VERSION = 1;
				GENERATE_INFOPLIST_FILE = YES;
				IPHONEOS_DEPLOYMENT_TARGET = 18.6;
				MARKETING_VERSION = 1.0;
				PRODUCT_BUNDLE_IDENTIFIER = com.macplugins.NewSwiftUILearningUITests;
				PRODUCT_NAME = "$(TARGET_NAME)";
				SWIFT_EMIT_LOC_STRINGS = NO;
				SWIFT_VERSION = 5.0;
				TARGETED_DEVICE_FAMILY = "1,2";
				TEST_TARGET_NAME = NewSwiftUILearning;
			};
			name = Debug;
		};
		45DFA8942AFFEC6B003A1F54 /* Release */ = {
			isa = XCBuildConfiguration;
			buildSettings = {
				CODE_SIGN_STYLE = Automatic;
				CURRENT_PROJECT_VERSION = 1;
				GENERATE_INFOPLIST_FILE = YES;
				IPHONEOS_DEPLOYMENT_TARGET = 18.6;
				MARKETING_VERSION = 1.0;
				PRODUCT_BUNDLE_IDENTIFIER = com.macplugins.NewSwiftUILearningUITests;
				PRODUCT_NAME = "$(TARGET_NAME)";
				SWIFT_EMIT_LOC_STRINGS = NO;
				SWIFT_VERSION = 5.0;
				TARGETED_DEVICE_FAMILY = "1,2";
				TEST_TARGET_NAME = NewSwiftUILearning;
			};
			name = Release;
		};
/* End XCBuildConfiguration section */

/* Begin XCConfigurationList section */
		45DFA8632AFFEC6A003A1F54 /* Build configuration list for PBXProject "NewSwiftUILearning" */ = {
			isa = XCConfigurationList;
			buildConfigurations = (
				45DFA88A2AFFEC6B003A1F54 /* Debug */,
				45DFA88B2AFFEC6B003A1F54 /* Release */,
			);
			defaultConfigurationIsVisible = 0;
			defaultConfigurationName = Release;
		};
		45DFA88C2AFFEC6B003A1F54 /* Build configuration list for PBXNativeTarget "NewSwiftUILearning" */ = {
			isa = XCConfigurationList;
			buildConfigurations = (
				45DFA88D2AFFEC6B003A1F54 /* Debug */,
				45DFA88E2AFFEC6B003A1F54 /* Release */,
			);
			defaultConfigurationIsVisible = 0;
			defaultConfigurationName = Release;
		};
		45DFA88F2AFFEC6B003A1F54 /* Build configuration list for PBXNativeTarget "NewSwiftUILearningTests" */ = {
			isa = XCConfigurationList;
			buildConfigurations = (
				45DFA8902AFFEC6B003A1F54 /* Debug */,
				45DFA8912AFFEC6B003A1F54 /* Release */,
			);
			defaultConfigurationIsVisible = 0;
			defaultConfigurationName = Release;
		};
		45DFA8922AFFEC6B003A1F54 /* Build configuration list for PBXNativeTarget "NewSwiftUILearningUITests" */ = {
			isa = XCConfigurationList;
			buildConfigurations = (
				45DFA8932AFFEC6B003A1F54 /* Debug */,
				45DFA8942AFFEC6B003A1F54 /* Release */,
			);
			defaultConfigurationIsVisible = 0;
			defaultConfigurationName = Release;
		};
/* End XCConfigurationList section */

/* Begin XCRemoteSwiftPackageReference section */
		4531D3EC2DA01AA300F3BD28 /* XCRemoteSwiftPackageReference "swift-async-algorithms" */ = {
			isa = XCRemoteSwiftPackageReference;
			repositoryURL = "https://github.com/apple/swift-async-algorithms";
			requirement = {
				kind = upToNextMajorVersion;
				minimumVersion = 1.0.3;
			};
		};
		454CF1CE2BAB6F8900A6AA80 /* XCRemoteSwiftPackageReference "swift-http-types" */ = {
			isa = XCRemoteSwiftPackageReference;
			repositoryURL = "https://github.com/apple/swift-http-types";
			requirement = {
				kind = upToNextMajorVersion;
				minimumVersion = 1.0.3;
			};
		};
		45B4AD252C1A13B600552EFF /* XCRemoteSwiftPackageReference "macplugins" */ = {
			isa = XCRemoteSwiftPackageReference;
			repositoryURL = "https://bitbucket.org/endres/macplugins.git";
			requirement = {
				kind = upToNextMajorVersion;
				minimumVersion = 1.0.2;
			};
		};
		45C427952E3EF60700A42AAF /* XCRemoteSwiftPackageReference "SwiftMacros" */ = {
			isa = XCRemoteSwiftPackageReference;
			repositoryURL = "https://github.com/endresjd/SwiftMacros.git";
			requirement = {
				kind = upToNextMajorVersion;
				minimumVersion = 1.0.8;
			};
		};
/* End XCRemoteSwiftPackageReference section */

/* Begin XCSwiftPackageProductDependency section */
		4531D3ED2DA01AA300F3BD28 /* AsyncAlgorithms */ = {
			isa = XCSwiftPackageProductDependency;
			package = 4531D3EC2DA01AA300F3BD28 /* XCRemoteSwiftPackageReference "swift-async-algorithms" */;
			productName = AsyncAlgorithms;
		};
		454CF1D12BAB711F00A6AA80 /* HTTPTypes */ = {
			isa = XCSwiftPackageProductDependency;
			package = 454CF1CE2BAB6F8900A6AA80 /* XCRemoteSwiftPackageReference "swift-http-types" */;
			productName = HTTPTypes;
		};
		454CF1D32BAB711F00A6AA80 /* HTTPTypesFoundation */ = {
			isa = XCSwiftPackageProductDependency;
			package = 454CF1CE2BAB6F8900A6AA80 /* XCRemoteSwiftPackageReference "swift-http-types" */;
			productName = HTTPTypesFoundation;
		};
		457690DA2D96F26B00493941 /* Macplugins */ = {
			isa = XCSwiftPackageProductDependency;
			package = 45B4AD252C1A13B600552EFF /* XCRemoteSwiftPackageReference "macplugins" */;
			productName = Macplugins;
		};
		45C427962E3EF60700A42AAF /* MacpluginsMacros */ = {
			isa = XCSwiftPackageProductDependency;
			package = 45C427952E3EF60700A42AAF /* XCRemoteSwiftPackageReference "SwiftMacros" */;
			productName = MacpluginsMacros;
		};
/* End XCSwiftPackageProductDependency section */
	};
	rootObject = 45DFA8602AFFEC6A003A1F54 /* Project object */;
}
