{
  "originHash" : "4a0ef19230a5632dc524f1e1d8b43cbb7f87f94de08bb85a6d31d2f11936e846",
  "pins" : [
    {
      "identity" : "macplugins",
      "kind" : "remoteSourceControl",
      "location" : "https://bitbucket.org/endres/macplugins.git",
      "state" : {
        "revision" : "f7be14f12d90041f40f3373a7443c67cabb128e1",
        "version" : "1.0.8"
      }
    },
    {
      "identity" : "swift-algorithms",
      "kind" : "remoteSourceControl",
      "location" : "https://github.com/apple/swift-algorithms",
      "state" : {
        "revision" : "f6919dfc309e7f1b56224378b11e28bab5bccc42",
        "version" : "1.2.0"
      }
    },
    {
      "identity" : "swift-http-types",
      "kind" : "remoteSourceControl",
      "location" : "https://github.com/apple/swift-http-types",
      "state" : {
        "revision" : "9bee2fdb79cc740081abd8ebd80738063d632286",
        "version" : "1.1.0"
      }
    },
    {
      "identity" : "swift-numerics",
      "kind" : "remoteSourceControl",
      "location" : "https://github.com/apple/swift-numerics.git",
      "state" : {
        "revision" : "0a5bc04095a675662cf24757cc0640aa2204253b",
        "version" : "1.0.2"
      }
    }
  ],
  "version" : 3
}
